{
  "version": 4,
  "terraform_version": "1.1.9",
  "serial": 145,
  "lineage": "cf51d519-46a5-1319-5e42-191b1339c493",
  "outputs": {},
  "resources": [
    {
      "mode": "managed",
      "type": "docker_container",
      "name": "gitea_server_s01",
      "provider": "provider[\"registry.terraform.io/kreuzwerker/docker\"].server01",
      "instances": [
        {
          "schema_version": 2,
          "attributes": {
            "attach": false,
            "bridge": "",
            "capabilities": [],
            "command": [
              "/bin/s6-svscan",
              "/etc/s6"
            ],
            "container_logs": null,
            "cpu_set": "",
            "cpu_shares": 0,
            "destroy_grace_seconds": null,
            "devices": [],
            "dns": null,
            "dns_opts": null,
            "dns_search": null,
            "domainname": "",
            "entrypoint": [
              "/usr/bin/entrypoint"
            ],
            "env": [
              "GITEA__database__DB_TYPE=mysql",
              "GITEA__database__HOST=sql_gitea_s01:3306",
              "GITEA__database__NAME=gitea",
              "GITEA__database__PASSWD=gitea",
              "GITEA__database__USER=gitea",
              "USER_GID=1000",
              "USER_UID=1000"
            ],
            "exit_code": null,
            "gateway": "172.21.0.1",
            "group_add": null,
            "healthcheck": null,
            "host": [],
            "hostname": "4d2643140b18",
            "id": "4d2643140b186c8fa83850c5e791418df4aaeb8060b3fd92ab8098794e3292b2",
            "image": "sha256:0fd1f4369fd71c7b09dbf96b182581e0cfbc267f6755d799a5a7f7417afe88e7",
            "init": false,
            "ip_address": "172.21.0.3",
            "ip_prefix_length": 16,
            "ipc_mode": "private",
            "labels": [],
            "links": null,
            "log_driver": "json-file",
            "log_opts": null,
            "logs": false,
            "max_retry_count": 0,
            "memory": 0,
            "memory_swap": 0,
            "mounts": [],
            "must_run": true,
            "name": "gitea_server_s01",
            "network_alias": null,
            "network_data": [
              {
                "gateway": "172.21.0.1",
                "global_ipv6_address": "",
                "global_ipv6_prefix_length": 0,
                "ip_address": "172.21.0.3",
                "ip_prefix_length": 16,
                "ipv6_gateway": "",
                "network_name": "gitea_net"
              }
            ],
            "network_mode": "default",
            "networks": null,
            "networks_advanced": [
              {
                "aliases": [],
                "ipv4_address": "",
                "ipv6_address": "",
                "name": "gitea_net"
              }
            ],
            "pid_mode": "",
            "ports": [
              {
                "external": 222,
                "internal": 22,
                "ip": "0.0.0.0",
                "protocol": "tcp"
              },
              {
                "external": 3000,
                "internal": 3000,
                "ip": "0.0.0.0",
                "protocol": "tcp"
              }
            ],
            "privileged": false,
            "publish_all_ports": false,
            "read_only": false,
            "remove_volumes": true,
            "restart": "always",
            "rm": false,
            "security_opts": [],
            "shm_size": 64,
            "start": true,
            "stdin_open": false,
            "sysctls": null,
            "tmpfs": null,
            "tty": false,
            "ulimit": [],
            "upload": [],
            "user": "",
            "userns_mode": "",
            "volumes": [
              {
                "container_path": "/data",
                "from_container": "",
                "host_path": "",
                "read_only": null,
                "volume_name": "gitea_datad"
              },
              {
                "container_path": "/etc/localtime",
                "from_container": "",
                "host_path": "/etc/localtime",
                "read_only": true,
                "volume_name": ""
              },
              {
                "container_path": "/etc/timezone",
                "from_container": "",
                "host_path": "/etc/timezone",
                "read_only": true,
                "volume_name": ""
              }
            ],
            "working_dir": ""
          },
          "sensitive_attributes": [],
          "private": "eyJzY2hlbWFfdmVyc2lvbiI6IjIifQ==",
          "dependencies": [
            "docker_container.sql_gitea_s01",
            "docker_image.gitea_s01",
            "docker_image.mysql_s01",
            "docker_network.gitea_network",
            "docker_volume.gitea_datav",
            "docker_volume.mysql_datav"
          ]
        }
      ]
    },
    {
      "mode": "managed",
      "type": "docker_container",
      "name": "sql_gitea_s01",
      "provider": "provider[\"registry.terraform.io/kreuzwerker/docker\"].server01",
      "instances": [
        {
          "schema_version": 2,
          "attributes": {
            "attach": false,
            "bridge": "",
            "capabilities": [],
            "command": [
              "mysqld"
            ],
            "container_logs": null,
            "cpu_set": "",
            "cpu_shares": 0,
            "destroy_grace_seconds": null,
            "devices": [],
            "dns": null,
            "dns_opts": null,
            "dns_search": null,
            "domainname": "",
            "entrypoint": [
              "docker-entrypoint.sh"
            ],
            "env": [
              "MYSQL_DATABASE=gitea",
              "MYSQL_PASSWORD=gitea",
              "MYSQL_ROOT_PASSWORD=gitea",
              "MYSQL_USER=gitea"
            ],
            "exit_code": null,
            "gateway": "172.21.0.1",
            "group_add": null,
            "healthcheck": null,
            "host": [],
            "hostname": "sql_gitea_s01",
            "id": "7abf5ef1612aebb44e4ac74ac6fd5b20b3ce1b2de7f27ae5ba2502c3051a34b1",
            "image": "sha256:96d0eae5ed6069320a16ec1029b7378e330c31473bb7ba3027578c7c582c0076",
            "init": false,
            "ip_address": "172.21.0.2",
            "ip_prefix_length": 16,
            "ipc_mode": "private",
            "labels": [],
            "links": null,
            "log_driver": "json-file",
            "log_opts": null,
            "logs": false,
            "max_retry_count": 0,
            "memory": 0,
            "memory_swap": 0,
            "mounts": [],
            "must_run": true,
            "name": "sql_gitea_s01",
            "network_alias": null,
            "network_data": [
              {
                "gateway": "172.21.0.1",
                "global_ipv6_address": "",
                "global_ipv6_prefix_length": 0,
                "ip_address": "172.21.0.2",
                "ip_prefix_length": 16,
                "ipv6_gateway": "",
                "network_name": "gitea_net"
              }
            ],
            "network_mode": "default",
            "networks": null,
            "networks_advanced": [
              {
                "aliases": [],
                "ipv4_address": "",
                "ipv6_address": "",
                "name": "gitea_net"
              }
            ],
            "pid_mode": "",
            "ports": [],
            "privileged": false,
            "publish_all_ports": false,
            "read_only": false,
            "remove_volumes": true,
            "restart": "no",
            "rm": false,
            "security_opts": [],
            "shm_size": 64,
            "start": true,
            "stdin_open": false,
            "sysctls": null,
            "tmpfs": null,
            "tty": false,
            "ulimit": [],
            "upload": [],
            "user": "",
            "userns_mode": "",
            "volumes": [
              {
                "container_path": "/var/lib/mysql",
                "from_container": "",
                "host_path": "",
                "read_only": null,
                "volume_name": "mysql_datad"
              }
            ],
            "working_dir": ""
          },
          "sensitive_attributes": [],
          "private": "eyJzY2hlbWFfdmVyc2lvbiI6IjIifQ==",
          "dependencies": [
            "docker_image.mysql_s01",
            "docker_network.gitea_network",
            "docker_volume.mysql_datav"
          ]
        }
      ]
    },
    {
      "mode": "managed",
      "type": "docker_image",
      "name": "gitea_s01",
      "provider": "provider[\"registry.terraform.io/kreuzwerker/docker\"].server01",
      "instances": [
        {
          "schema_version": 0,
          "attributes": {
            "build": [],
            "force_remove": null,
            "id": "sha256:0fd1f4369fd71c7b09dbf96b182581e0cfbc267f6755d799a5a7f7417afe88e7gitea/gitea:latest",
            "keep_locally": true,
            "latest": "sha256:0fd1f4369fd71c7b09dbf96b182581e0cfbc267f6755d799a5a7f7417afe88e7",
            "name": "gitea/gitea:latest",
            "output": null,
            "pull_trigger": null,
            "pull_triggers": null,
            "repo_digest": "gitea/gitea@sha256:ce39b9e63083c15d9bf43e9eeed4d2770e7c1f643f4b77c77bd80c8d2906ad6e"
          },
          "sensitive_attributes": [],
          "private": "bnVsbA=="
        }
      ]
    },
    {
      "mode": "managed",
      "type": "docker_image",
      "name": "mysql_s01",
      "provider": "provider[\"registry.terraform.io/kreuzwerker/docker\"].server01",
      "instances": [
        {
          "schema_version": 0,
          "attributes": {
            "build": [],
            "force_remove": null,
            "id": "sha256:96d0eae5ed6069320a16ec1029b7378e330c31473bb7ba3027578c7c582c0076mysql:8",
            "keep_locally": true,
            "latest": "sha256:96d0eae5ed6069320a16ec1029b7378e330c31473bb7ba3027578c7c582c0076",
            "name": "mysql:8",
            "output": null,
            "pull_trigger": null,
            "pull_triggers": null,
            "repo_digest": "mysql@sha256:2dafe3f044f140ec6c07716d34f0b317b98f8e251435abd347951699f7aa3904"
          },
          "sensitive_attributes": [],
          "private": "bnVsbA=="
        }
      ]
    },
    {
      "mode": "managed",
      "type": "docker_network",
      "name": "gitea_network",
      "provider": "provider[\"registry.terraform.io/kreuzwerker/docker\"].server01",
      "instances": [
        {
          "schema_version": 1,
          "attributes": {
            "attachable": false,
            "check_duplicate": null,
            "driver": "bridge",
            "id": "a51cb0dd5ff5a8e025fc49ae30d2978dc5b8aad14c9d36a6ae78a1ca1323c65c",
            "ingress": false,
            "internal": false,
            "ipam_config": [
              {
                "aux_address": {},
                "gateway": "172.21.0.1",
                "ip_range": "",
                "subnet": "172.21.0.0/16"
              }
            ],
            "ipam_driver": "default",
            "ipv6": false,
            "labels": [],
            "name": "gitea_net",
            "options": {},
            "scope": "local"
          },
          "sensitive_attributes": [],
          "private": "eyJzY2hlbWFfdmVyc2lvbiI6IjEifQ=="
        }
      ]
    },
    {
      "mode": "managed",
      "type": "docker_volume",
      "name": "gitea_datav",
      "provider": "provider[\"registry.terraform.io/kreuzwerker/docker\"].server01",
      "instances": [
        {
          "schema_version": 1,
          "attributes": {
            "driver": "local",
            "driver_opts": null,
            "id": "gitea_datad",
            "labels": [],
            "mountpoint": "/var/lib/docker/volumes/gitea_datad/_data",
            "name": "gitea_datad"
          },
          "sensitive_attributes": [],
          "private": "eyJzY2hlbWFfdmVyc2lvbiI6IjEifQ=="
        }
      ]
    },
    {
      "mode": "managed",
      "type": "docker_volume",
      "name": "mysql_datav",
      "provider": "provider[\"registry.terraform.io/kreuzwerker/docker\"].server01",
      "instances": [
        {
          "schema_version": 1,
          "attributes": {
            "driver": "local",
            "driver_opts": null,
            "id": "mysql_datad",
            "labels": [],
            "mountpoint": "/var/lib/docker/volumes/mysql_datad/_data",
            "name": "mysql_datad"
          },
          "sensitive_attributes": [],
          "private": "eyJzY2hlbWFfdmVyc2lvbiI6IjEifQ=="
        }
      ]
    }
  ]
}
