{
  "version": 4,
  "terraform_version": "1.1.9",
  "serial": 42,
  "lineage": "bebb5d62-9bc6-18a1-8d31-b4788bbe02f2",
  "outputs": {},
  "resources": [
    {
      "mode": "managed",
      "type": "docker_container",
      "name": "con_sql_gitea01_s00",
      "provider": "provider[\"registry.terraform.io/kreuzwerker/docker\"].server00",
      "instances": [
        {
          "schema_version": 2,
          "attributes": {
            "attach": false,
            "bridge": "",
            "capabilities": [],
            "command": [
              "mysqld"
            ],
            "container_logs": null,
            "cpu_set": "",
            "cpu_shares": 0,
            "destroy_grace_seconds": null,
            "devices": [],
            "dns": null,
            "dns_opts": null,
            "dns_search": null,
            "domainname": "",
            "entrypoint": [
              "docker-entrypoint.sh"
            ],
            "env": [
              "MYSQL_DATABASE=gitea",
              "MYSQL_PASSWORD=gitea",
              "MYSQL_ROOT_PASSWORD=gitea",
              "MYSQL_USER=gitea"
            ],
            "exit_code": null,
            "gateway": "172.22.0.1",
            "group_add": null,
            "healthcheck": null,
            "host": [],
            "hostname": "con_sql_gitea01_s00",
            "id": "b747f8c32cf8c177f298c2a7aff53f07c12af19fb02ade3607b4759f51f69786",
            "image": "sha256:96d0eae5ed6069320a16ec1029b7378e330c31473bb7ba3027578c7c582c0076",
            "init": false,
            "ip_address": "172.22.0.2",
            "ip_prefix_length": 16,
            "ipc_mode": "private",
            "labels": [],
            "links": null,
            "log_driver": "json-file",
            "log_opts": null,
            "logs": false,
            "max_retry_count": 0,
            "memory": 0,
            "memory_swap": 0,
            "mounts": [],
            "must_run": true,
            "name": "con_sql_gitea01_s00",
            "network_alias": null,
            "network_data": [
              {
                "gateway": "172.22.0.1",
                "global_ipv6_address": "",
                "global_ipv6_prefix_length": 0,
                "ip_address": "172.22.0.2",
                "ip_prefix_length": 16,
                "ipv6_gateway": "",
                "network_name": "gitea_net01_s00"
              }
            ],
            "network_mode": "default",
            "networks": null,
            "networks_advanced": [
              {
                "aliases": [],
                "ipv4_address": "",
                "ipv6_address": "",
                "name": "gitea_net01_s00"
              }
            ],
            "pid_mode": "",
            "ports": [],
            "privileged": false,
            "publish_all_ports": false,
            "read_only": false,
            "remove_volumes": true,
            "restart": "no",
            "rm": false,
            "security_opts": [],
            "shm_size": 64,
            "start": true,
            "stdin_open": false,
            "sysctls": null,
            "tmpfs": null,
            "tty": false,
            "ulimit": [],
            "upload": [],
            "user": "",
            "userns_mode": "",
            "volumes": [
              {
                "container_path": "/var/lib/mysql",
                "from_container": "",
                "host_path": "",
                "read_only": null,
                "volume_name": "mysql_datad"
              }
            ],
            "working_dir": ""
          },
          "sensitive_attributes": [],
          "private": "eyJzY2hlbWFfdmVyc2lvbiI6IjIifQ==",
          "dependencies": [
            "docker_image.mysql_s00",
            "docker_network.gitea_network01_s00",
            "docker_volume.musql_datav01_s00"
          ]
        }
      ]
    },
    {
      "mode": "managed",
      "type": "docker_container",
      "name": "con_sql_gitea01_s01",
      "provider": "provider[\"registry.terraform.io/kreuzwerker/docker\"].server01",
      "instances": [
        {
          "schema_version": 2,
          "attributes": {
            "attach": false,
            "bridge": "",
            "capabilities": [],
            "command": [
              "mysqld"
            ],
            "container_logs": null,
            "cpu_set": "",
            "cpu_shares": 0,
            "destroy_grace_seconds": null,
            "devices": [],
            "dns": null,
            "dns_opts": null,
            "dns_search": null,
            "domainname": "",
            "entrypoint": [
              "docker-entrypoint.sh"
            ],
            "env": [
              "MYSQL_DATABASE=gitea",
              "MYSQL_PASSWORD=gitea",
              "MYSQL_ROOT_PASSWORD=gitea",
              "MYSQL_USER=gitea"
            ],
            "exit_code": null,
            "gateway": "172.24.0.1",
            "group_add": null,
            "healthcheck": null,
            "host": [],
            "hostname": "con_sql_gitea01_s01",
            "id": "3e1e61b57fe4a9e4b3a5bafb11eaedd9cd68b1e1fba4f3895d6e886b43a49157",
            "image": "sha256:96d0eae5ed6069320a16ec1029b7378e330c31473bb7ba3027578c7c582c0076",
            "init": false,
            "ip_address": "172.24.0.2",
            "ip_prefix_length": 16,
            "ipc_mode": "private",
            "labels": [],
            "links": null,
            "log_driver": "json-file",
            "log_opts": null,
            "logs": false,
            "max_retry_count": 0,
            "memory": 0,
            "memory_swap": 0,
            "mounts": [],
            "must_run": true,
            "name": "con_sql_gitea01_s01",
            "network_alias": null,
            "network_data": [
              {
                "gateway": "172.24.0.1",
                "global_ipv6_address": "",
                "global_ipv6_prefix_length": 0,
                "ip_address": "172.24.0.2",
                "ip_prefix_length": 16,
                "ipv6_gateway": "",
                "network_name": "gitea_net01_s01"
              }
            ],
            "network_mode": "default",
            "networks": null,
            "networks_advanced": [
              {
                "aliases": [],
                "ipv4_address": "",
                "ipv6_address": "",
                "name": "gitea_net01_s01"
              }
            ],
            "pid_mode": "",
            "ports": [],
            "privileged": false,
            "publish_all_ports": false,
            "read_only": false,
            "remove_volumes": true,
            "restart": "no",
            "rm": false,
            "security_opts": [],
            "shm_size": 64,
            "start": true,
            "stdin_open": false,
            "sysctls": null,
            "tmpfs": null,
            "tty": false,
            "ulimit": [],
            "upload": [],
            "user": "",
            "userns_mode": "",
            "volumes": [
              {
                "container_path": "/var/lib/mysql",
                "from_container": "",
                "host_path": "",
                "read_only": null,
                "volume_name": "mysql_datad"
              }
            ],
            "working_dir": ""
          },
          "sensitive_attributes": [],
          "private": "eyJzY2hlbWFfdmVyc2lvbiI6IjIifQ==",
          "dependencies": [
            "docker_image.mysql_s01",
            "docker_network.gitea_network01_s01",
            "docker_volume.musql_datav01_s01"
          ]
        }
      ]
    },
    {
      "mode": "managed",
      "type": "docker_container",
      "name": "con_sql_gitea02_s00",
      "provider": "provider[\"registry.terraform.io/kreuzwerker/docker\"].server00",
      "instances": [
        {
          "schema_version": 2,
          "attributes": {
            "attach": false,
            "bridge": "",
            "capabilities": [],
            "command": [
              "mysqld"
            ],
            "container_logs": null,
            "cpu_set": "",
            "cpu_shares": 0,
            "destroy_grace_seconds": null,
            "devices": [],
            "dns": null,
            "dns_opts": null,
            "dns_search": null,
            "domainname": "",
            "entrypoint": [
              "docker-entrypoint.sh"
            ],
            "env": [
              "MYSQL_DATABASE=gitea",
              "MYSQL_PASSWORD=gitea",
              "MYSQL_ROOT_PASSWORD=gitea",
              "MYSQL_USER=gitea"
            ],
            "exit_code": null,
            "gateway": "172.23.0.1",
            "group_add": null,
            "healthcheck": null,
            "host": [],
            "hostname": "con_sql_gitea02_s00",
            "id": "a6d0e9e895daf7d65c0d5952cff2c812b845c1955b0e6caa10deac6a1230c0b7",
            "image": "sha256:96d0eae5ed6069320a16ec1029b7378e330c31473bb7ba3027578c7c582c0076",
            "init": false,
            "ip_address": "172.23.0.2",
            "ip_prefix_length": 16,
            "ipc_mode": "private",
            "labels": [],
            "links": null,
            "log_driver": "json-file",
            "log_opts": null,
            "logs": false,
            "max_retry_count": 0,
            "memory": 0,
            "memory_swap": 0,
            "mounts": [],
            "must_run": true,
            "name": "con_sql_gitea02_s00",
            "network_alias": null,
            "network_data": [
              {
                "gateway": "172.23.0.1",
                "global_ipv6_address": "",
                "global_ipv6_prefix_length": 0,
                "ip_address": "172.23.0.2",
                "ip_prefix_length": 16,
                "ipv6_gateway": "",
                "network_name": "gitea_net02_s00"
              }
            ],
            "network_mode": "default",
            "networks": null,
            "networks_advanced": [
              {
                "aliases": [],
                "ipv4_address": "",
                "ipv6_address": "",
                "name": "gitea_net02_s00"
              }
            ],
            "pid_mode": "",
            "ports": [],
            "privileged": false,
            "publish_all_ports": false,
            "read_only": false,
            "remove_volumes": true,
            "restart": "no",
            "rm": false,
            "security_opts": [],
            "shm_size": 64,
            "start": true,
            "stdin_open": false,
            "sysctls": null,
            "tmpfs": null,
            "tty": false,
            "ulimit": [],
            "upload": [],
            "user": "",
            "userns_mode": "",
            "volumes": [
              {
                "container_path": "/var/lib/mysql",
                "from_container": "",
                "host_path": "",
                "read_only": null,
                "volume_name": "mysql_datad1"
              }
            ],
            "working_dir": ""
          },
          "sensitive_attributes": [],
          "private": "eyJzY2hlbWFfdmVyc2lvbiI6IjIifQ==",
          "dependencies": [
            "docker_image.mysql_s00",
            "docker_network.gitea_network02_s00",
            "docker_volume.musql_datav02_s00"
          ]
        }
      ]
    },
    {
      "mode": "managed",
      "type": "docker_container",
      "name": "con_sql_gitea02_s01",
      "provider": "provider[\"registry.terraform.io/kreuzwerker/docker\"].server01",
      "instances": [
        {
          "schema_version": 2,
          "attributes": {
            "attach": false,
            "bridge": "",
            "capabilities": [],
            "command": [
              "mysqld"
            ],
            "container_logs": null,
            "cpu_set": "",
            "cpu_shares": 0,
            "destroy_grace_seconds": null,
            "devices": [],
            "dns": null,
            "dns_opts": null,
            "dns_search": null,
            "domainname": "",
            "entrypoint": [
              "docker-entrypoint.sh"
            ],
            "env": [
              "MYSQL_DATABASE=gitea",
              "MYSQL_PASSWORD=gitea",
              "MYSQL_ROOT_PASSWORD=gitea",
              "MYSQL_USER=gitea"
            ],
            "exit_code": null,
            "gateway": "172.23.0.1",
            "group_add": null,
            "healthcheck": null,
            "host": [],
            "hostname": "con_sql_gitea02_s01",
            "id": "4766d4dd711fbeb50e2ed91b20175a515532c4a160d622740174c5f96162ef30",
            "image": "sha256:96d0eae5ed6069320a16ec1029b7378e330c31473bb7ba3027578c7c582c0076",
            "init": false,
            "ip_address": "172.23.0.2",
            "ip_prefix_length": 16,
            "ipc_mode": "private",
            "labels": [],
            "links": null,
            "log_driver": "json-file",
            "log_opts": null,
            "logs": false,
            "max_retry_count": 0,
            "memory": 0,
            "memory_swap": 0,
            "mounts": [],
            "must_run": true,
            "name": "con_sql_gitea02_s01",
            "network_alias": null,
            "network_data": [
              {
                "gateway": "172.23.0.1",
                "global_ipv6_address": "",
                "global_ipv6_prefix_length": 0,
                "ip_address": "172.23.0.2",
                "ip_prefix_length": 16,
                "ipv6_gateway": "",
                "network_name": "gitea_net02_s01"
              }
            ],
            "network_mode": "default",
            "networks": null,
            "networks_advanced": [
              {
                "aliases": [],
                "ipv4_address": "",
                "ipv6_address": "",
                "name": "gitea_net02_s01"
              }
            ],
            "pid_mode": "",
            "ports": [],
            "privileged": false,
            "publish_all_ports": false,
            "read_only": false,
            "remove_volumes": true,
            "restart": "no",
            "rm": false,
            "security_opts": [],
            "shm_size": 64,
            "start": true,
            "stdin_open": false,
            "sysctls": null,
            "tmpfs": null,
            "tty": false,
            "ulimit": [],
            "upload": [],
            "user": "",
            "userns_mode": "",
            "volumes": [
              {
                "container_path": "/var/lib/mysql",
                "from_container": "",
                "host_path": "",
                "read_only": null,
                "volume_name": "mysql_datad1"
              }
            ],
            "working_dir": ""
          },
          "sensitive_attributes": [],
          "private": "eyJzY2hlbWFfdmVyc2lvbiI6IjIifQ==",
          "dependencies": [
            "docker_image.mysql_s01",
            "docker_network.gitea_network02_s01",
            "docker_volume.musql_datav02_s01"
          ]
        }
      ]
    },
    {
      "mode": "managed",
      "type": "docker_container",
      "name": "gitea_server00_s00",
      "provider": "provider[\"registry.terraform.io/kreuzwerker/docker\"].server00",
      "instances": [
        {
          "schema_version": 2,
          "attributes": {
            "attach": false,
            "bridge": "",
            "capabilities": [],
            "command": [
              "/bin/s6-svscan",
              "/etc/s6"
            ],
            "container_logs": null,
            "cpu_set": "",
            "cpu_shares": 0,
            "destroy_grace_seconds": null,
            "devices": [],
            "dns": null,
            "dns_opts": null,
            "dns_search": null,
            "domainname": "",
            "entrypoint": [
              "/usr/bin/entrypoint"
            ],
            "env": [
              "GITEA__database__DB_TYPE=mysql",
              "GITEA__database__HOST=con_sql_gitea01_s00:3306",
              "GITEA__database__NAME=gitea",
              "GITEA__database__PASSWD=gitea",
              "GITEA__database__USER=gitea",
              "USER_GID=1000",
              "USER_UID=1000"
            ],
            "exit_code": null,
            "gateway": "172.22.0.1",
            "group_add": null,
            "healthcheck": null,
            "host": [],
            "hostname": "288ba6f3a7c4",
            "id": "288ba6f3a7c4d2c7a7f08fc6a1d733953df6fe0874dfcdf502fb53ec625118dd",
            "image": "sha256:0fd1f4369fd71c7b09dbf96b182581e0cfbc267f6755d799a5a7f7417afe88e7",
            "init": false,
            "ip_address": "172.22.0.3",
            "ip_prefix_length": 16,
            "ipc_mode": "private",
            "labels": [],
            "links": null,
            "log_driver": "json-file",
            "log_opts": null,
            "logs": false,
            "max_retry_count": 0,
            "memory": 0,
            "memory_swap": 0,
            "mounts": [],
            "must_run": true,
            "name": "gitea_server00_s00",
            "network_alias": null,
            "network_data": [
              {
                "gateway": "172.22.0.1",
                "global_ipv6_address": "",
                "global_ipv6_prefix_length": 0,
                "ip_address": "172.22.0.3",
                "ip_prefix_length": 16,
                "ipv6_gateway": "",
                "network_name": "gitea_net01_s00"
              }
            ],
            "network_mode": "default",
            "networks": null,
            "networks_advanced": [
              {
                "aliases": [],
                "ipv4_address": "",
                "ipv6_address": "",
                "name": "gitea_net01_s00"
              }
            ],
            "pid_mode": "",
            "ports": [
              {
                "external": 2121,
                "internal": 22,
                "ip": "0.0.0.0",
                "protocol": "tcp"
              },
              {
                "external": 3101,
                "internal": 3000,
                "ip": "0.0.0.0",
                "protocol": "tcp"
              }
            ],
            "privileged": false,
            "publish_all_ports": false,
            "read_only": false,
            "remove_volumes": true,
            "restart": "always",
            "rm": false,
            "security_opts": [],
            "shm_size": 64,
            "start": true,
            "stdin_open": false,
            "sysctls": null,
            "tmpfs": null,
            "tty": false,
            "ulimit": [],
            "upload": [],
            "user": "",
            "userns_mode": "",
            "volumes": [
              {
                "container_path": "/data",
                "from_container": "",
                "host_path": "",
                "read_only": null,
                "volume_name": "gitea_datad"
              },
              {
                "container_path": "/etc/localtime",
                "from_container": "",
                "host_path": "/etc/localtime",
                "read_only": true,
                "volume_name": ""
              },
              {
                "container_path": "/etc/timezone",
                "from_container": "",
                "host_path": "/etc/timezone",
                "read_only": true,
                "volume_name": ""
              }
            ],
            "working_dir": ""
          },
          "sensitive_attributes": [],
          "private": "eyJzY2hlbWFfdmVyc2lvbiI6IjIifQ==",
          "dependencies": [
            "docker_container.con_sql_gitea01_s00",
            "docker_image.gitea_s00",
            "docker_image.mysql_s00",
            "docker_network.gitea_network01_s00",
            "docker_volume.gitea_datav01_s00",
            "docker_volume.musql_datav01_s00"
          ]
        }
      ]
    },
    {
      "mode": "managed",
      "type": "docker_container",
      "name": "gitea_server01_s01",
      "provider": "provider[\"registry.terraform.io/kreuzwerker/docker\"].server01",
      "instances": [
        {
          "schema_version": 2,
          "attributes": {
            "attach": false,
            "bridge": "",
            "capabilities": [],
            "command": [
              "/bin/s6-svscan",
              "/etc/s6"
            ],
            "container_logs": null,
            "cpu_set": "",
            "cpu_shares": 0,
            "destroy_grace_seconds": null,
            "devices": [],
            "dns": null,
            "dns_opts": null,
            "dns_search": null,
            "domainname": "",
            "entrypoint": [
              "/usr/bin/entrypoint"
            ],
            "env": [
              "GITEA__database__DB_TYPE=mysql",
              "GITEA__database__HOST=con_sql_gitea01_s01:3306",
              "GITEA__database__NAME=gitea",
              "GITEA__database__PASSWD=gitea",
              "GITEA__database__USER=gitea",
              "USER_GID=1000",
              "USER_UID=1000"
            ],
            "exit_code": null,
            "gateway": "172.24.0.1",
            "group_add": null,
            "healthcheck": null,
            "host": [],
            "hostname": "9f4fe9a0744b",
            "id": "9f4fe9a0744b0cb7031afdb7d1cdb9359b79a179aaf3d17a3698fb701605b68f",
            "image": "sha256:0fd1f4369fd71c7b09dbf96b182581e0cfbc267f6755d799a5a7f7417afe88e7",
            "init": false,
            "ip_address": "172.24.0.3",
            "ip_prefix_length": 16,
            "ipc_mode": "private",
            "labels": [],
            "links": null,
            "log_driver": "json-file",
            "log_opts": null,
            "logs": false,
            "max_retry_count": 0,
            "memory": 0,
            "memory_swap": 0,
            "mounts": [],
            "must_run": true,
            "name": "gitea_server01_s01",
            "network_alias": null,
            "network_data": [
              {
                "gateway": "172.24.0.1",
                "global_ipv6_address": "",
                "global_ipv6_prefix_length": 0,
                "ip_address": "172.24.0.3",
                "ip_prefix_length": 16,
                "ipv6_gateway": "",
                "network_name": "gitea_net01_s01"
              }
            ],
            "network_mode": "default",
            "networks": null,
            "networks_advanced": [
              {
                "aliases": [],
                "ipv4_address": "",
                "ipv6_address": "",
                "name": "gitea_net01_s01"
              }
            ],
            "pid_mode": "",
            "ports": [
              {
                "external": 2121,
                "internal": 22,
                "ip": "0.0.0.0",
                "protocol": "tcp"
              },
              {
                "external": 3101,
                "internal": 3000,
                "ip": "0.0.0.0",
                "protocol": "tcp"
              }
            ],
            "privileged": false,
            "publish_all_ports": false,
            "read_only": false,
            "remove_volumes": true,
            "restart": "always",
            "rm": false,
            "security_opts": [],
            "shm_size": 64,
            "start": true,
            "stdin_open": false,
            "sysctls": null,
            "tmpfs": null,
            "tty": false,
            "ulimit": [],
            "upload": [],
            "user": "",
            "userns_mode": "",
            "volumes": [
              {
                "container_path": "/data",
                "from_container": "",
                "host_path": "",
                "read_only": null,
                "volume_name": "gitea_datad"
              },
              {
                "container_path": "/etc/localtime",
                "from_container": "",
                "host_path": "/etc/localtime",
                "read_only": true,
                "volume_name": ""
              },
              {
                "container_path": "/etc/timezone",
                "from_container": "",
                "host_path": "/etc/timezone",
                "read_only": true,
                "volume_name": ""
              }
            ],
            "working_dir": ""
          },
          "sensitive_attributes": [],
          "private": "eyJzY2hlbWFfdmVyc2lvbiI6IjIifQ==",
          "dependencies": [
            "docker_container.con_sql_gitea01_s01",
            "docker_image.gitea_s01",
            "docker_image.mysql_s01",
            "docker_network.gitea_network01_s01",
            "docker_volume.gitea_datav01_s01",
            "docker_volume.musql_datav01_s01"
          ]
        }
      ]
    },
    {
      "mode": "managed",
      "type": "docker_container",
      "name": "gitea_server02_s00",
      "provider": "provider[\"registry.terraform.io/kreuzwerker/docker\"].server00",
      "instances": [
        {
          "schema_version": 2,
          "attributes": {
            "attach": false,
            "bridge": "",
            "capabilities": [],
            "command": [
              "/bin/s6-svscan",
              "/etc/s6"
            ],
            "container_logs": null,
            "cpu_set": "",
            "cpu_shares": 0,
            "destroy_grace_seconds": null,
            "devices": [],
            "dns": null,
            "dns_opts": null,
            "dns_search": null,
            "domainname": "",
            "entrypoint": [
              "/usr/bin/entrypoint"
            ],
            "env": [
              "GITEA__database__DB_TYPE=mysql",
              "GITEA__database__HOST=con_sql_gitea02_s00:3306",
              "GITEA__database__NAME=gitea",
              "GITEA__database__PASSWD=gitea",
              "GITEA__database__USER=gitea",
              "USER_GID=1000",
              "USER_UID=1000"
            ],
            "exit_code": null,
            "gateway": "172.23.0.1",
            "group_add": null,
            "healthcheck": null,
            "host": [],
            "hostname": "2a003898f39f",
            "id": "2a003898f39f191229598c84eaa3428b51abe2364cd898ff88beaa9222428876",
            "image": "sha256:0fd1f4369fd71c7b09dbf96b182581e0cfbc267f6755d799a5a7f7417afe88e7",
            "init": false,
            "ip_address": "172.23.0.3",
            "ip_prefix_length": 16,
            "ipc_mode": "private",
            "labels": [],
            "links": null,
            "log_driver": "json-file",
            "log_opts": null,
            "logs": false,
            "max_retry_count": 0,
            "memory": 0,
            "memory_swap": 0,
            "mounts": [],
            "must_run": true,
            "name": "gitea_server02_s00",
            "network_alias": null,
            "network_data": [
              {
                "gateway": "172.23.0.1",
                "global_ipv6_address": "",
                "global_ipv6_prefix_length": 0,
                "ip_address": "172.23.0.3",
                "ip_prefix_length": 16,
                "ipv6_gateway": "",
                "network_name": "gitea_net02_s00"
              }
            ],
            "network_mode": "default",
            "networks": null,
            "networks_advanced": [
              {
                "aliases": [],
                "ipv4_address": "",
                "ipv6_address": "",
                "name": "gitea_net02_s00"
              }
            ],
            "pid_mode": "",
            "ports": [
              {
                "external": 2122,
                "internal": 22,
                "ip": "0.0.0.0",
                "protocol": "tcp"
              },
              {
                "external": 3102,
                "internal": 3000,
                "ip": "0.0.0.0",
                "protocol": "tcp"
              }
            ],
            "privileged": false,
            "publish_all_ports": false,
            "read_only": false,
            "remove_volumes": true,
            "restart": "always",
            "rm": false,
            "security_opts": [],
            "shm_size": 64,
            "start": true,
            "stdin_open": false,
            "sysctls": null,
            "tmpfs": null,
            "tty": false,
            "ulimit": [],
            "upload": [],
            "user": "",
            "userns_mode": "",
            "volumes": [
              {
                "container_path": "/data",
                "from_container": "",
                "host_path": "",
                "read_only": null,
                "volume_name": "gitea_datad1"
              },
              {
                "container_path": "/etc/localtime",
                "from_container": "",
                "host_path": "/etc/localtime",
                "read_only": true,
                "volume_name": ""
              },
              {
                "container_path": "/etc/timezone",
                "from_container": "",
                "host_path": "/etc/timezone",
                "read_only": true,
                "volume_name": ""
              }
            ],
            "working_dir": ""
          },
          "sensitive_attributes": [],
          "private": "eyJzY2hlbWFfdmVyc2lvbiI6IjIifQ==",
          "dependencies": [
            "docker_container.con_sql_gitea02_s00",
            "docker_image.gitea_s00",
            "docker_image.mysql_s00",
            "docker_network.gitea_network02_s00",
            "docker_volume.gitea_datav02_s00",
            "docker_volume.musql_datav02_s00"
          ]
        }
      ]
    },
    {
      "mode": "managed",
      "type": "docker_container",
      "name": "gitea_server02_s01",
      "provider": "provider[\"registry.terraform.io/kreuzwerker/docker\"].server01",
      "instances": [
        {
          "schema_version": 2,
          "attributes": {
            "attach": false,
            "bridge": "",
            "capabilities": [],
            "command": [
              "/bin/s6-svscan",
              "/etc/s6"
            ],
            "container_logs": null,
            "cpu_set": "",
            "cpu_shares": 0,
            "destroy_grace_seconds": null,
            "devices": [],
            "dns": null,
            "dns_opts": null,
            "dns_search": null,
            "domainname": "",
            "entrypoint": [
              "/usr/bin/entrypoint"
            ],
            "env": [
              "GITEA__database__DB_TYPE=mysql",
              "GITEA__database__HOST=con_sql_gitea02_s01:3306",
              "GITEA__database__NAME=gitea",
              "GITEA__database__PASSWD=gitea",
              "GITEA__database__USER=gitea",
              "USER_GID=1000",
              "USER_UID=1000"
            ],
            "exit_code": null,
            "gateway": "172.23.0.1",
            "group_add": null,
            "healthcheck": null,
            "host": [],
            "hostname": "acdba3b02977",
            "id": "acdba3b0297737123b024e697c0c0f13b62d9a4da7e348c2365af9c35cc429fd",
            "image": "sha256:0fd1f4369fd71c7b09dbf96b182581e0cfbc267f6755d799a5a7f7417afe88e7",
            "init": false,
            "ip_address": "172.23.0.3",
            "ip_prefix_length": 16,
            "ipc_mode": "private",
            "labels": [],
            "links": null,
            "log_driver": "json-file",
            "log_opts": null,
            "logs": false,
            "max_retry_count": 0,
            "memory": 0,
            "memory_swap": 0,
            "mounts": [],
            "must_run": true,
            "name": "gitea_server02_s01",
            "network_alias": null,
            "network_data": [
              {
                "gateway": "172.23.0.1",
                "global_ipv6_address": "",
                "global_ipv6_prefix_length": 0,
                "ip_address": "172.23.0.3",
                "ip_prefix_length": 16,
                "ipv6_gateway": "",
                "network_name": "gitea_net02_s01"
              }
            ],
            "network_mode": "default",
            "networks": null,
            "networks_advanced": [
              {
                "aliases": [],
                "ipv4_address": "",
                "ipv6_address": "",
                "name": "gitea_net02_s01"
              }
            ],
            "pid_mode": "",
            "ports": [
              {
                "external": 2122,
                "internal": 22,
                "ip": "0.0.0.0",
                "protocol": "tcp"
              },
              {
                "external": 3102,
                "internal": 3000,
                "ip": "0.0.0.0",
                "protocol": "tcp"
              }
            ],
            "privileged": false,
            "publish_all_ports": false,
            "read_only": false,
            "remove_volumes": true,
            "restart": "always",
            "rm": false,
            "security_opts": [],
            "shm_size": 64,
            "start": true,
            "stdin_open": false,
            "sysctls": null,
            "tmpfs": null,
            "tty": false,
            "ulimit": [],
            "upload": [],
            "user": "",
            "userns_mode": "",
            "volumes": [
              {
                "container_path": "/data",
                "from_container": "",
                "host_path": "",
                "read_only": null,
                "volume_name": "gitea_datad1"
              },
              {
                "container_path": "/etc/localtime",
                "from_container": "",
                "host_path": "/etc/localtime",
                "read_only": true,
                "volume_name": ""
              },
              {
                "container_path": "/etc/timezone",
                "from_container": "",
                "host_path": "/etc/timezone",
                "read_only": true,
                "volume_name": ""
              }
            ],
            "working_dir": ""
          },
          "sensitive_attributes": [],
          "private": "eyJzY2hlbWFfdmVyc2lvbiI6IjIifQ==",
          "dependencies": [
            "docker_container.con_sql_gitea02_s01",
            "docker_image.gitea_s01",
            "docker_image.mysql_s01",
            "docker_network.gitea_network02_s01",
            "docker_volume.gitea_datav02_s01",
            "docker_volume.musql_datav02_s01"
          ]
        }
      ]
    },
    {
      "mode": "managed",
      "type": "docker_image",
      "name": "gitea_s00",
      "provider": "provider[\"registry.terraform.io/kreuzwerker/docker\"].server00",
      "instances": [
        {
          "schema_version": 0,
          "attributes": {
            "build": [],
            "force_remove": null,
            "id": "sha256:0fd1f4369fd71c7b09dbf96b182581e0cfbc267f6755d799a5a7f7417afe88e7gitea/gitea:latest",
            "keep_locally": true,
            "latest": "sha256:0fd1f4369fd71c7b09dbf96b182581e0cfbc267f6755d799a5a7f7417afe88e7",
            "name": "gitea/gitea:latest",
            "output": null,
            "pull_trigger": null,
            "pull_triggers": null,
            "repo_digest": "gitea/gitea@sha256:ce39b9e63083c15d9bf43e9eeed4d2770e7c1f643f4b77c77bd80c8d2906ad6e"
          },
          "sensitive_attributes": [],
          "private": "bnVsbA=="
        }
      ]
    },
    {
      "mode": "managed",
      "type": "docker_image",
      "name": "gitea_s01",
      "provider": "provider[\"registry.terraform.io/kreuzwerker/docker\"].server01",
      "instances": [
        {
          "schema_version": 0,
          "attributes": {
            "build": [],
            "force_remove": null,
            "id": "sha256:0fd1f4369fd71c7b09dbf96b182581e0cfbc267f6755d799a5a7f7417afe88e7gitea/gitea:latest",
            "keep_locally": true,
            "latest": "sha256:0fd1f4369fd71c7b09dbf96b182581e0cfbc267f6755d799a5a7f7417afe88e7",
            "name": "gitea/gitea:latest",
            "output": null,
            "pull_trigger": null,
            "pull_triggers": null,
            "repo_digest": "gitea/gitea@sha256:ce39b9e63083c15d9bf43e9eeed4d2770e7c1f643f4b77c77bd80c8d2906ad6e"
          },
          "sensitive_attributes": [],
          "private": "bnVsbA=="
        }
      ]
    },
    {
      "mode": "managed",
      "type": "docker_image",
      "name": "mysql_s00",
      "provider": "provider[\"registry.terraform.io/kreuzwerker/docker\"].server00",
      "instances": [
        {
          "schema_version": 0,
          "attributes": {
            "build": [],
            "force_remove": null,
            "id": "sha256:96d0eae5ed6069320a16ec1029b7378e330c31473bb7ba3027578c7c582c0076mysql:8",
            "keep_locally": true,
            "latest": "sha256:96d0eae5ed6069320a16ec1029b7378e330c31473bb7ba3027578c7c582c0076",
            "name": "mysql:8",
            "output": null,
            "pull_trigger": null,
            "pull_triggers": null,
            "repo_digest": "mysql@sha256:2dafe3f044f140ec6c07716d34f0b317b98f8e251435abd347951699f7aa3904"
          },
          "sensitive_attributes": [],
          "private": "bnVsbA=="
        }
      ]
    },
    {
      "mode": "managed",
      "type": "docker_image",
      "name": "mysql_s01",
      "provider": "provider[\"registry.terraform.io/kreuzwerker/docker\"].server01",
      "instances": [
        {
          "schema_version": 0,
          "attributes": {
            "build": [],
            "force_remove": null,
            "id": "sha256:96d0eae5ed6069320a16ec1029b7378e330c31473bb7ba3027578c7c582c0076mysql:8",
            "keep_locally": true,
            "latest": "sha256:96d0eae5ed6069320a16ec1029b7378e330c31473bb7ba3027578c7c582c0076",
            "name": "mysql:8",
            "output": null,
            "pull_trigger": null,
            "pull_triggers": null,
            "repo_digest": "mysql@sha256:2dafe3f044f140ec6c07716d34f0b317b98f8e251435abd347951699f7aa3904"
          },
          "sensitive_attributes": [],
          "private": "bnVsbA=="
        }
      ]
    },
    {
      "mode": "managed",
      "type": "docker_network",
      "name": "gitea_network01_s00",
      "provider": "provider[\"registry.terraform.io/kreuzwerker/docker\"].server00",
      "instances": [
        {
          "schema_version": 1,
          "attributes": {
            "attachable": false,
            "check_duplicate": null,
            "driver": "bridge",
            "id": "899228c48bd5d76fcb483ec11f825a37a0ec296f0c8e7082fae30e14514c844e",
            "ingress": false,
            "internal": false,
            "ipam_config": [
              {
                "aux_address": {},
                "gateway": "172.22.0.1",
                "ip_range": "",
                "subnet": "172.22.0.0/16"
              }
            ],
            "ipam_driver": "default",
            "ipv6": false,
            "labels": [],
            "name": "gitea_net01_s00",
            "options": {},
            "scope": "local"
          },
          "sensitive_attributes": [],
          "private": "eyJzY2hlbWFfdmVyc2lvbiI6IjEifQ=="
        }
      ]
    },
    {
      "mode": "managed",
      "type": "docker_network",
      "name": "gitea_network01_s01",
      "provider": "provider[\"registry.terraform.io/kreuzwerker/docker\"].server01",
      "instances": [
        {
          "schema_version": 1,
          "attributes": {
            "attachable": false,
            "check_duplicate": null,
            "driver": "bridge",
            "id": "ad366fc5fc0d924db7e506b9ba736190d3b9f44be33c0e5f416672e48f3b8359",
            "ingress": false,
            "internal": false,
            "ipam_config": [
              {
                "aux_address": {},
                "gateway": "172.24.0.1",
                "ip_range": "",
                "subnet": "172.24.0.0/16"
              }
            ],
            "ipam_driver": "default",
            "ipv6": false,
            "labels": [],
            "name": "gitea_net01_s01",
            "options": {},
            "scope": "local"
          },
          "sensitive_attributes": [],
          "private": "eyJzY2hlbWFfdmVyc2lvbiI6IjEifQ=="
        }
      ]
    },
    {
      "mode": "managed",
      "type": "docker_network",
      "name": "gitea_network02_s00",
      "provider": "provider[\"registry.terraform.io/kreuzwerker/docker\"].server00",
      "instances": [
        {
          "schema_version": 1,
          "attributes": {
            "attachable": false,
            "check_duplicate": null,
            "driver": "bridge",
            "id": "d575da2a1e30566cb0db24e375d09f2edcf20b09c2d8f49fca2681ad981bf9d3",
            "ingress": false,
            "internal": false,
            "ipam_config": [
              {
                "aux_address": {},
                "gateway": "172.23.0.1",
                "ip_range": "",
                "subnet": "172.23.0.0/16"
              }
            ],
            "ipam_driver": "default",
            "ipv6": false,
            "labels": [],
            "name": "gitea_net02_s00",
            "options": {},
            "scope": "local"
          },
          "sensitive_attributes": [],
          "private": "eyJzY2hlbWFfdmVyc2lvbiI6IjEifQ=="
        }
      ]
    },
    {
      "mode": "managed",
      "type": "docker_network",
      "name": "gitea_network02_s01",
      "provider": "provider[\"registry.terraform.io/kreuzwerker/docker\"].server01",
      "instances": [
        {
          "schema_version": 1,
          "attributes": {
            "attachable": false,
            "check_duplicate": null,
            "driver": "bridge",
            "id": "6b1068262794a2f83a12db4db6783e63949c9cc2ce573e40ee21955b40eb4b2e",
            "ingress": false,
            "internal": false,
            "ipam_config": [
              {
                "aux_address": {},
                "gateway": "172.23.0.1",
                "ip_range": "",
                "subnet": "172.23.0.0/16"
              }
            ],
            "ipam_driver": "default",
            "ipv6": false,
            "labels": [],
            "name": "gitea_net02_s01",
            "options": {},
            "scope": "local"
          },
          "sensitive_attributes": [],
          "private": "eyJzY2hlbWFfdmVyc2lvbiI6IjEifQ=="
        }
      ]
    },
    {
      "mode": "managed",
      "type": "docker_volume",
      "name": "gitea_datav01_s00",
      "provider": "provider[\"registry.terraform.io/kreuzwerker/docker\"].server00",
      "instances": [
        {
          "schema_version": 1,
          "attributes": {
            "driver": "local",
            "driver_opts": null,
            "id": "gitea_datad",
            "labels": [],
            "mountpoint": "/var/lib/docker/volumes/gitea_datad/_data",
            "name": "gitea_datad"
          },
          "sensitive_attributes": [],
          "private": "eyJzY2hlbWFfdmVyc2lvbiI6IjEifQ=="
        }
      ]
    },
    {
      "mode": "managed",
      "type": "docker_volume",
      "name": "gitea_datav01_s01",
      "provider": "provider[\"registry.terraform.io/kreuzwerker/docker\"].server01",
      "instances": [
        {
          "schema_version": 1,
          "attributes": {
            "driver": "local",
            "driver_opts": {},
            "id": "gitea_datad",
            "labels": [],
            "mountpoint": "/var/lib/docker/volumes/gitea_datad/_data",
            "name": "gitea_datad"
          },
          "sensitive_attributes": [],
          "private": "eyJzY2hlbWFfdmVyc2lvbiI6IjEifQ=="
        }
      ]
    },
    {
      "mode": "managed",
      "type": "docker_volume",
      "name": "gitea_datav02_s00",
      "provider": "provider[\"registry.terraform.io/kreuzwerker/docker\"].server00",
      "instances": [
        {
          "schema_version": 1,
          "attributes": {
            "driver": "local",
            "driver_opts": null,
            "id": "gitea_datad1",
            "labels": [],
            "mountpoint": "/var/lib/docker/volumes/gitea_datad1/_data",
            "name": "gitea_datad1"
          },
          "sensitive_attributes": [],
          "private": "eyJzY2hlbWFfdmVyc2lvbiI6IjEifQ=="
        }
      ]
    },
    {
      "mode": "managed",
      "type": "docker_volume",
      "name": "gitea_datav02_s01",
      "provider": "provider[\"registry.terraform.io/kreuzwerker/docker\"].server01",
      "instances": [
        {
          "schema_version": 1,
          "attributes": {
            "driver": "local",
            "driver_opts": {},
            "id": "gitea_datad1",
            "labels": [],
            "mountpoint": "/var/lib/docker/volumes/gitea_datad1/_data",
            "name": "gitea_datad1"
          },
          "sensitive_attributes": [],
          "private": "eyJzY2hlbWFfdmVyc2lvbiI6IjEifQ=="
        }
      ]
    },
    {
      "mode": "managed",
      "type": "docker_volume",
      "name": "musql_datav01_s00",
      "provider": "provider[\"registry.terraform.io/kreuzwerker/docker\"].server00",
      "instances": [
        {
          "schema_version": 1,
          "attributes": {
            "driver": "local",
            "driver_opts": null,
            "id": "mysql_datad",
            "labels": [],
            "mountpoint": "/var/lib/docker/volumes/mysql_datad/_data",
            "name": "mysql_datad"
          },
          "sensitive_attributes": [],
          "private": "eyJzY2hlbWFfdmVyc2lvbiI6IjEifQ=="
        }
      ]
    },
    {
      "mode": "managed",
      "type": "docker_volume",
      "name": "musql_datav01_s01",
      "provider": "provider[\"registry.terraform.io/kreuzwerker/docker\"].server01",
      "instances": [
        {
          "schema_version": 1,
          "attributes": {
            "driver": "local",
            "driver_opts": {},
            "id": "mysql_datad",
            "labels": [],
            "mountpoint": "/var/lib/docker/volumes/mysql_datad/_data",
            "name": "mysql_datad"
          },
          "sensitive_attributes": [],
          "private": "eyJzY2hlbWFfdmVyc2lvbiI6IjEifQ=="
        }
      ]
    },
    {
      "mode": "managed",
      "type": "docker_volume",
      "name": "musql_datav02_s00",
      "provider": "provider[\"registry.terraform.io/kreuzwerker/docker\"].server00",
      "instances": [
        {
          "schema_version": 1,
          "attributes": {
            "driver": "local",
            "driver_opts": null,
            "id": "mysql_datad1",
            "labels": [],
            "mountpoint": "/var/lib/docker/volumes/mysql_datad1/_data",
            "name": "mysql_datad1"
          },
          "sensitive_attributes": [],
          "private": "eyJzY2hlbWFfdmVyc2lvbiI6IjEifQ=="
        }
      ]
    },
    {
      "mode": "managed",
      "type": "docker_volume",
      "name": "musql_datav02_s01",
      "provider": "provider[\"registry.terraform.io/kreuzwerker/docker\"].server01",
      "instances": [
        {
          "schema_version": 1,
          "attributes": {
            "driver": "local",
            "driver_opts": {},
            "id": "mysql_datad1",
            "labels": [],
            "mountpoint": "/var/lib/docker/volumes/mysql_datad1/_data",
            "name": "mysql_datad1"
          },
          "sensitive_attributes": [],
          "private": "eyJzY2hlbWFfdmVyc2lvbiI6IjEifQ=="
        }
      ]
    }
  ]
}
