{
  "version": 4,
  "terraform_version": "1.1.9",
  "serial": 21,
  "lineage": "f7acbb06-cf3e-51bd-caec-87a8f4623d12",
  "outputs": {},
  "resources": [
    {
      "mode": "managed",
      "type": "docker_container",
      "name": "gitea_server_s01",
      "provider": "provider[\"registry.terraform.io/kreuzwerker/docker\"].server01",
      "instances": [
        {
          "index_key": "01_serv01",
          "schema_version": 2,
          "attributes": {
            "attach": false,
            "bridge": "",
            "capabilities": [],
            "command": [
              "/bin/s6-svscan",
              "/etc/s6"
            ],
            "container_logs": null,
            "cpu_set": "",
            "cpu_shares": 0,
            "destroy_grace_seconds": null,
            "devices": [],
            "dns": null,
            "dns_opts": null,
            "dns_search": null,
            "domainname": "",
            "entrypoint": [
              "/usr/bin/entrypoint"
            ],
            "env": [
              "GITEA__database__DB_TYPE=mysql",
              "GITEA__database__HOST=sql_gitea_s01:3306",
              "GITEA__database__NAME=gitea",
              "GITEA__database__PASSWD=gitea",
              "GITEA__database__USER=gitea",
              "USER_GID=1000",
              "USER_UID=1000"
            ],
            "exit_code": null,
            "gateway": "172.20.0.1",
            "group_add": null,
            "healthcheck": null,
            "host": [],
            "hostname": "cf0c9a226b32",
            "id": "cf0c9a226b32f386646ab179a39817a12ec7be0d44a64c98e3afbabe68aa2f3e",
            "image": "sha256:0fd1f4369fd71c7b09dbf96b182581e0cfbc267f6755d799a5a7f7417afe88e7",
            "init": false,
            "ip_address": "172.20.0.3",
            "ip_prefix_length": 16,
            "ipc_mode": "private",
            "labels": [],
            "links": null,
            "log_driver": "json-file",
            "log_opts": null,
            "logs": false,
            "max_retry_count": 0,
            "memory": 0,
            "memory_swap": 0,
            "mounts": [],
            "must_run": true,
            "name": "gitea_01_serv01",
            "network_alias": null,
            "network_data": [
              {
                "gateway": "172.20.0.1",
                "global_ipv6_address": "",
                "global_ipv6_prefix_length": 0,
                "ip_address": "172.20.0.3",
                "ip_prefix_length": 16,
                "ipv6_gateway": "",
                "network_name": "gitea_net_01_serv01"
              }
            ],
            "network_mode": "default",
            "networks": null,
            "networks_advanced": [
              {
                "aliases": [],
                "ipv4_address": "",
                "ipv6_address": "",
                "name": "gitea_net_01_serv01"
              }
            ],
            "pid_mode": "",
            "ports": [
              {
                "external": 232,
                "internal": 22,
                "ip": "0.0.0.0",
                "protocol": "tcp"
              },
              {
                "external": 3010,
                "internal": 3000,
                "ip": "0.0.0.0",
                "protocol": "tcp"
              }
            ],
            "privileged": false,
            "publish_all_ports": false,
            "read_only": false,
            "remove_volumes": true,
            "restart": "always",
            "rm": false,
            "security_opts": [],
            "shm_size": 64,
            "start": true,
            "stdin_open": false,
            "storage_opts": null,
            "sysctls": null,
            "tmpfs": null,
            "tty": false,
            "ulimit": [],
            "upload": [],
            "user": "",
            "userns_mode": "",
            "volumes": [
              {
                "container_path": "/data",
                "from_container": "",
                "host_path": "",
                "read_only": null,
                "volume_name": "gitea_data_01_serv01"
              },
              {
                "container_path": "/etc/localtime",
                "from_container": "",
                "host_path": "/etc/localtime",
                "read_only": true,
                "volume_name": ""
              },
              {
                "container_path": "/etc/timezone",
                "from_container": "",
                "host_path": "/etc/timezone",
                "read_only": true,
                "volume_name": ""
              }
            ],
            "working_dir": ""
          },
          "sensitive_attributes": [],
          "private": "eyJzY2hlbWFfdmVyc2lvbiI6IjIifQ==",
          "dependencies": [
            "docker_image.gitea_server01"
          ]
        },
        {
          "index_key": "02_serv01",
          "schema_version": 2,
          "attributes": {
            "attach": false,
            "bridge": "",
            "capabilities": [],
            "command": [
              "/bin/s6-svscan",
              "/etc/s6"
            ],
            "container_logs": null,
            "cpu_set": "",
            "cpu_shares": 0,
            "destroy_grace_seconds": null,
            "devices": [],
            "dns": null,
            "dns_opts": null,
            "dns_search": null,
            "domainname": "",
            "entrypoint": [
              "/usr/bin/entrypoint"
            ],
            "env": [
              "GITEA__database__DB_TYPE=mysql",
              "GITEA__database__HOST=sql_gitea_s01:3306",
              "GITEA__database__NAME=gitea",
              "GITEA__database__PASSWD=gitea",
              "GITEA__database__USER=gitea",
              "USER_GID=1000",
              "USER_UID=1000"
            ],
            "exit_code": null,
            "gateway": "172.18.0.1",
            "group_add": null,
            "healthcheck": null,
            "host": [],
            "hostname": "5477efb952cf",
            "id": "5477efb952cf0e3f916c8a40cbf3400d8a4569d9597d48d95c33edaf2dd124e6",
            "image": "sha256:0fd1f4369fd71c7b09dbf96b182581e0cfbc267f6755d799a5a7f7417afe88e7",
            "init": false,
            "ip_address": "172.18.0.2",
            "ip_prefix_length": 16,
            "ipc_mode": "private",
            "labels": [],
            "links": null,
            "log_driver": "json-file",
            "log_opts": null,
            "logs": false,
            "max_retry_count": 0,
            "memory": 0,
            "memory_swap": 0,
            "mounts": [],
            "must_run": true,
            "name": "gitea_02_serv01",
            "network_alias": null,
            "network_data": [
              {
                "gateway": "172.18.0.1",
                "global_ipv6_address": "",
                "global_ipv6_prefix_length": 0,
                "ip_address": "172.18.0.2",
                "ip_prefix_length": 16,
                "ipv6_gateway": "",
                "network_name": "gitea_net_02_serv01"
              }
            ],
            "network_mode": "default",
            "networks": null,
            "networks_advanced": [
              {
                "aliases": [],
                "ipv4_address": "",
                "ipv6_address": "",
                "name": "gitea_net_02_serv01"
              }
            ],
            "pid_mode": "",
            "ports": [
              {
                "external": 242,
                "internal": 22,
                "ip": "0.0.0.0",
                "protocol": "tcp"
              },
              {
                "external": 3020,
                "internal": 3000,
                "ip": "0.0.0.0",
                "protocol": "tcp"
              }
            ],
            "privileged": false,
            "publish_all_ports": false,
            "read_only": false,
            "remove_volumes": true,
            "restart": "always",
            "rm": false,
            "security_opts": [],
            "shm_size": 64,
            "start": true,
            "stdin_open": false,
            "storage_opts": null,
            "sysctls": null,
            "tmpfs": null,
            "tty": false,
            "ulimit": [],
            "upload": [],
            "user": "",
            "userns_mode": "",
            "volumes": [
              {
                "container_path": "/data",
                "from_container": "",
                "host_path": "",
                "read_only": null,
                "volume_name": "gitea_data_02_serv01"
              },
              {
                "container_path": "/etc/localtime",
                "from_container": "",
                "host_path": "/etc/localtime",
                "read_only": true,
                "volume_name": ""
              },
              {
                "container_path": "/etc/timezone",
                "from_container": "",
                "host_path": "/etc/timezone",
                "read_only": true,
                "volume_name": ""
              }
            ],
            "working_dir": ""
          },
          "sensitive_attributes": [],
          "private": "eyJzY2hlbWFfdmVyc2lvbiI6IjIifQ==",
          "dependencies": [
            "docker_image.gitea_server01"
          ]
        }
      ]
    },
    {
      "mode": "managed",
      "type": "docker_container",
      "name": "sql_gitea_server01",
      "provider": "provider[\"registry.terraform.io/kreuzwerker/docker\"].server01",
      "instances": [
        {
          "index_key": "01_serv01",
          "schema_version": 2,
          "attributes": {
            "attach": false,
            "bridge": "",
            "capabilities": [],
            "command": [
              "mysqld"
            ],
            "container_logs": null,
            "cpu_set": "",
            "cpu_shares": 0,
            "destroy_grace_seconds": null,
            "devices": [],
            "dns": null,
            "dns_opts": null,
            "dns_search": null,
            "domainname": "",
            "entrypoint": [
              "docker-entrypoint.sh"
            ],
            "env": [
              "MYSQL_DATABASE=gitea",
              "MYSQL_PASSWORD=gitea",
              "MYSQL_ROOT_PASSWORD=gitea",
              "MYSQL_USER=gitea"
            ],
            "exit_code": null,
            "gateway": "172.20.0.1",
            "group_add": null,
            "healthcheck": null,
            "host": [],
            "hostname": "sql_01_serv01",
            "id": "179af22bc3ac94be3ba5064a1c7fc735f6e4c8e1909dc5651d68830680162345",
            "image": "sha256:96d0eae5ed6069320a16ec1029b7378e330c31473bb7ba3027578c7c582c0076",
            "init": false,
            "ip_address": "172.20.0.2",
            "ip_prefix_length": 16,
            "ipc_mode": "private",
            "labels": [],
            "links": null,
            "log_driver": "json-file",
            "log_opts": null,
            "logs": false,
            "max_retry_count": 0,
            "memory": 0,
            "memory_swap": 0,
            "mounts": [],
            "must_run": true,
            "name": "sql_01_serv01",
            "network_alias": null,
            "network_data": [
              {
                "gateway": "172.20.0.1",
                "global_ipv6_address": "",
                "global_ipv6_prefix_length": 0,
                "ip_address": "172.20.0.2",
                "ip_prefix_length": 16,
                "ipv6_gateway": "",
                "network_name": "gitea_net_01_serv01"
              }
            ],
            "network_mode": "default",
            "networks": null,
            "networks_advanced": [
              {
                "aliases": [],
                "ipv4_address": "",
                "ipv6_address": "",
                "name": "gitea_net_01_serv01"
              }
            ],
            "pid_mode": "",
            "ports": [],
            "privileged": false,
            "publish_all_ports": false,
            "read_only": false,
            "remove_volumes": true,
            "restart": "always",
            "rm": false,
            "security_opts": [],
            "shm_size": 64,
            "start": true,
            "stdin_open": false,
            "storage_opts": null,
            "sysctls": null,
            "tmpfs": null,
            "tty": false,
            "ulimit": [],
            "upload": [],
            "user": "",
            "userns_mode": "",
            "volumes": [
              {
                "container_path": "/var/lib/mysql",
                "from_container": "",
                "host_path": "",
                "read_only": null,
                "volume_name": "sql_data_01_serv01"
              }
            ],
            "working_dir": ""
          },
          "sensitive_attributes": [],
          "private": "eyJzY2hlbWFfdmVyc2lvbiI6IjIifQ==",
          "dependencies": [
            "docker_image.mysql_server01"
          ]
        },
        {
          "index_key": "02_serv01",
          "schema_version": 2,
          "attributes": {
            "attach": false,
            "bridge": "",
            "capabilities": [],
            "command": [
              "mysqld"
            ],
            "container_logs": null,
            "cpu_set": "",
            "cpu_shares": 0,
            "destroy_grace_seconds": null,
            "devices": [],
            "dns": null,
            "dns_opts": null,
            "dns_search": null,
            "domainname": "",
            "entrypoint": [
              "docker-entrypoint.sh"
            ],
            "env": [
              "MYSQL_DATABASE=gitea",
              "MYSQL_PASSWORD=gitea",
              "MYSQL_ROOT_PASSWORD=gitea",
              "MYSQL_USER=gitea"
            ],
            "exit_code": null,
            "gateway": "172.18.0.1",
            "group_add": null,
            "healthcheck": null,
            "host": [],
            "hostname": "sql_02_serv01",
            "id": "28ddb1429d4537209cd25f3cb8b12b9ad5ef2d846e74e31862b19fbc2761d2c9",
            "image": "sha256:96d0eae5ed6069320a16ec1029b7378e330c31473bb7ba3027578c7c582c0076",
            "init": false,
            "ip_address": "172.18.0.3",
            "ip_prefix_length": 16,
            "ipc_mode": "private",
            "labels": [],
            "links": null,
            "log_driver": "json-file",
            "log_opts": null,
            "logs": false,
            "max_retry_count": 0,
            "memory": 0,
            "memory_swap": 0,
            "mounts": [],
            "must_run": true,
            "name": "sql_02_serv01",
            "network_alias": null,
            "network_data": [
              {
                "gateway": "172.18.0.1",
                "global_ipv6_address": "",
                "global_ipv6_prefix_length": 0,
                "ip_address": "172.18.0.3",
                "ip_prefix_length": 16,
                "ipv6_gateway": "",
                "network_name": "gitea_net_02_serv01"
              }
            ],
            "network_mode": "default",
            "networks": null,
            "networks_advanced": [
              {
                "aliases": [],
                "ipv4_address": "",
                "ipv6_address": "",
                "name": "gitea_net_02_serv01"
              }
            ],
            "pid_mode": "",
            "ports": [],
            "privileged": false,
            "publish_all_ports": false,
            "read_only": false,
            "remove_volumes": true,
            "restart": "always",
            "rm": false,
            "security_opts": [],
            "shm_size": 64,
            "start": true,
            "stdin_open": false,
            "storage_opts": null,
            "sysctls": null,
            "tmpfs": null,
            "tty": false,
            "ulimit": [],
            "upload": [],
            "user": "",
            "userns_mode": "",
            "volumes": [
              {
                "container_path": "/var/lib/mysql",
                "from_container": "",
                "host_path": "",
                "read_only": null,
                "volume_name": "sql_data_02_serv01"
              }
            ],
            "working_dir": ""
          },
          "sensitive_attributes": [],
          "private": "eyJzY2hlbWFfdmVyc2lvbiI6IjIifQ==",
          "dependencies": [
            "docker_image.mysql_server01"
          ]
        }
      ]
    },
    {
      "mode": "managed",
      "type": "docker_image",
      "name": "gitea_server01",
      "provider": "provider[\"registry.terraform.io/kreuzwerker/docker\"].server01",
      "instances": [
        {
          "schema_version": 0,
          "attributes": {
            "build": [],
            "force_remove": null,
            "id": "sha256:0fd1f4369fd71c7b09dbf96b182581e0cfbc267f6755d799a5a7f7417afe88e7gitea/gitea:latest",
            "keep_locally": true,
            "latest": "sha256:0fd1f4369fd71c7b09dbf96b182581e0cfbc267f6755d799a5a7f7417afe88e7",
            "name": "gitea/gitea:latest",
            "output": null,
            "pull_trigger": null,
            "pull_triggers": null,
            "repo_digest": "gitea/gitea@sha256:ce39b9e63083c15d9bf43e9eeed4d2770e7c1f643f4b77c77bd80c8d2906ad6e"
          },
          "sensitive_attributes": [],
          "private": "bnVsbA=="
        }
      ]
    },
    {
      "mode": "managed",
      "type": "docker_image",
      "name": "mysql_server01",
      "provider": "provider[\"registry.terraform.io/kreuzwerker/docker\"].server01",
      "instances": [
        {
          "schema_version": 0,
          "attributes": {
            "build": [],
            "force_remove": null,
            "id": "sha256:96d0eae5ed6069320a16ec1029b7378e330c31473bb7ba3027578c7c582c0076mysql:8",
            "keep_locally": true,
            "latest": "sha256:96d0eae5ed6069320a16ec1029b7378e330c31473bb7ba3027578c7c582c0076",
            "name": "mysql:8",
            "output": null,
            "pull_trigger": null,
            "pull_triggers": null,
            "repo_digest": "mysql@sha256:2dafe3f044f140ec6c07716d34f0b317b98f8e251435abd347951699f7aa3904"
          },
          "sensitive_attributes": [],
          "private": "bnVsbA=="
        }
      ]
    },
    {
      "mode": "managed",
      "type": "docker_network",
      "name": "gitea_network_server01",
      "provider": "provider[\"registry.terraform.io/kreuzwerker/docker\"].server01",
      "instances": [
        {
          "index_key": "01_serv01",
          "schema_version": 1,
          "attributes": {
            "attachable": false,
            "check_duplicate": null,
            "driver": "bridge",
            "id": "0192a29221b8bf1420e8fb708ea414eba695b2867ecb22fa844b7773e4d457a2",
            "ingress": false,
            "internal": false,
            "ipam_config": [
              {
                "aux_address": {},
                "gateway": "172.20.0.1",
                "ip_range": "",
                "subnet": "172.20.0.0/16"
              }
            ],
            "ipam_driver": "default",
            "ipv6": false,
            "labels": [],
            "name": "gitea_net_01_serv01",
            "options": {},
            "scope": "local"
          },
          "sensitive_attributes": [],
          "private": "eyJzY2hlbWFfdmVyc2lvbiI6IjEifQ=="
        },
        {
          "index_key": "02_serv01",
          "schema_version": 1,
          "attributes": {
            "attachable": false,
            "check_duplicate": null,
            "driver": "bridge",
            "id": "ea6a0a5790493998311ea344a5d9cd388f874cbbb2019214f58ed4e2c6e022f2",
            "ingress": false,
            "internal": false,
            "ipam_config": [
              {
                "aux_address": {},
                "gateway": "172.18.0.1",
                "ip_range": "",
                "subnet": "172.18.0.0/16"
              }
            ],
            "ipam_driver": "default",
            "ipv6": false,
            "labels": [],
            "name": "gitea_net_02_serv01",
            "options": {},
            "scope": "local"
          },
          "sensitive_attributes": [],
          "private": "eyJzY2hlbWFfdmVyc2lvbiI6IjEifQ=="
        }
      ]
    },
    {
      "mode": "managed",
      "type": "docker_volume",
      "name": "gitea_01_server01",
      "provider": "provider[\"registry.terraform.io/kreuzwerker/docker\"].server01",
      "instances": [
        {
          "index_key": "01_serv01",
          "schema_version": 1,
          "attributes": {
            "driver": "local",
            "driver_opts": {},
            "id": "gitea_data_01_serv01",
            "labels": [],
            "mountpoint": "/var/lib/docker/volumes/gitea_data_01_serv01/_data",
            "name": "gitea_data_01_serv01"
          },
          "sensitive_attributes": [],
          "private": "eyJzY2hlbWFfdmVyc2lvbiI6IjEifQ=="
        },
        {
          "index_key": "02_serv01",
          "schema_version": 1,
          "attributes": {
            "driver": "local",
            "driver_opts": {},
            "id": "gitea_data_02_serv01",
            "labels": [],
            "mountpoint": "/var/lib/docker/volumes/gitea_data_02_serv01/_data",
            "name": "gitea_data_02_serv01"
          },
          "sensitive_attributes": [],
          "private": "eyJzY2hlbWFfdmVyc2lvbiI6IjEifQ=="
        }
      ]
    },
    {
      "mode": "managed",
      "type": "docker_volume",
      "name": "sql_01_server01",
      "provider": "provider[\"registry.terraform.io/kreuzwerker/docker\"].server01",
      "instances": [
        {
          "index_key": "01_serv01",
          "schema_version": 1,
          "attributes": {
            "driver": "local",
            "driver_opts": {},
            "id": "sql_data_01_serv01",
            "labels": [],
            "mountpoint": "/var/lib/docker/volumes/sql_data_01_serv01/_data",
            "name": "sql_data_01_serv01"
          },
          "sensitive_attributes": [],
          "private": "eyJzY2hlbWFfdmVyc2lvbiI6IjEifQ=="
        },
        {
          "index_key": "02_serv01",
          "schema_version": 1,
          "attributes": {
            "driver": "local",
            "driver_opts": {},
            "id": "sql_data_02_serv01",
            "labels": [],
            "mountpoint": "/var/lib/docker/volumes/sql_data_02_serv01/_data",
            "name": "sql_data_02_serv01"
          },
          "sensitive_attributes": [],
          "private": "eyJzY2hlbWFfdmVyc2lvbiI6IjEifQ=="
        }
      ]
    }
  ]
}
